
Microsoft Visual Studio Solution File, Format Version 12.00
# Visual Studio Version 17
VisualStudioVersion = 17.10.34928.147
MinimumVisualStudioVersion = 10.0.40219.1
Project("{FAE04EC0-301F-11D3-BF4B-00C04F79EFBC}") = "demo1vs", "demo1vs.csproj", "{AF3975DE-834C-48F1-ACE9-1B456984A0EC}"
EndProject
Global
	GlobalSection(SolutionConfigurationPlatforms) = preSolution
		Debug|Any CPU = Debug|Any CPU
		Release|Any CPU = Release|Any CPU
	EndGlobalSection
	GlobalSection(ProjectConfigurationPlatforms) = postSolution
		{AF3975DE-834C-48F1-ACE9-1B456984A0EC}.Debug|Any CPU.ActiveCfg = Debug|Any CPU
		{AF3975DE-834C-48F1-ACE9-1B456984A0EC}.Debug|Any CPU.Build.0 = Debug|Any CPU
		{AF3975DE-834C-48F1-ACE9-1B456984A0EC}.Release|Any CPU.ActiveCfg = Release|Any CPU
		{AF3975DE-834C-48F1-ACE9-1B456984A0EC}.Release|Any CPU.Build.0 = Release|Any CPU
	EndGlobalSection
	GlobalSection(SolutionProperties) = preSolution
		HideSolutionNode = FALSE
	EndGlobalSection
	GlobalSection(ExtensibilityGlobals) = postSolution
		SolutionGuid = {C1EB1EAC-1D56-433C-975F-8848767BF91C}
	EndGlobalSection
EndGlobal
