
Microsoft Visual Studio Solution File, Format Version 12.00
# Visual Studio Version 17
VisualStudioVersion = 17.10.34928.147
MinimumVisualStudioVersion = 10.0.40219.1
Project("{9A19103F-16F7-4668-BE54-9A1E7A4F7556}") = "dia3", "dia3.csproj", "{00C72D84-0516-4612-936D-DAB72ED1AD7B}"
EndProject
Project("{9A19103F-16F7-4668-BE54-9A1E7A4F7556}") = "dia3_funciones", "..\dia3_funciones\dia3_funciones.csproj", "{D84862E5-B398-4CD7-AC98-FC73E2FC87D7}"
EndProject
Project("{FAE04EC0-301F-11D3-BF4B-00C04F79EFBC}") = "dia3_procedimientos", "..\dia3_procedimientos\dia3_procedimientos.csproj", "{135E696E-E7AC-42D0-A1D1-1AA08DE3112D}"
EndProject
Project("{FAE04EC0-301F-11D3-BF4B-00C04F79EFBC}") = "WebScrappingSBS", "..\WebScrappingSBS\WebScrappingSBS.csproj", "{9168EDA5-D667-4038-B831-3C06FDEE6F7A}"
EndProject
Global
	GlobalSection(SolutionConfigurationPlatforms) = preSolution
		Debug|Any CPU = Debug|Any CPU
		Release|Any CPU = Release|Any CPU
	EndGlobalSection
	GlobalSection(ProjectConfigurationPlatforms) = postSolution
		{00C72D84-0516-4612-936D-DAB72ED1AD7B}.Debug|Any CPU.ActiveCfg = Debug|Any CPU
		{00C72D84-0516-4612-936D-DAB72ED1AD7B}.Debug|Any CPU.Build.0 = Debug|Any CPU
		{00C72D84-0516-4612-936D-DAB72ED1AD7B}.Release|Any CPU.ActiveCfg = Release|Any CPU
		{00C72D84-0516-4612-936D-DAB72ED1AD7B}.Release|Any CPU.Build.0 = Release|Any CPU
		{D84862E5-B398-4CD7-AC98-FC73E2FC87D7}.Debug|Any CPU.ActiveCfg = Debug|Any CPU
		{D84862E5-B398-4CD7-AC98-FC73E2FC87D7}.Debug|Any CPU.Build.0 = Debug|Any CPU
		{D84862E5-B398-4CD7-AC98-FC73E2FC87D7}.Release|Any CPU.ActiveCfg = Release|Any CPU
		{D84862E5-B398-4CD7-AC98-FC73E2FC87D7}.Release|Any CPU.Build.0 = Release|Any CPU
		{135E696E-E7AC-42D0-A1D1-1AA08DE3112D}.Debug|Any CPU.ActiveCfg = Debug|Any CPU
		{135E696E-E7AC-42D0-A1D1-1AA08DE3112D}.Debug|Any CPU.Build.0 = Debug|Any CPU
		{135E696E-E7AC-42D0-A1D1-1AA08DE3112D}.Release|Any CPU.ActiveCfg = Release|Any CPU
		{135E696E-E7AC-42D0-A1D1-1AA08DE3112D}.Release|Any CPU.Build.0 = Release|Any CPU
		{9168EDA5-D667-4038-B831-3C06FDEE6F7A}.Debug|Any CPU.ActiveCfg = Debug|Any CPU
		{9168EDA5-D667-4038-B831-3C06FDEE6F7A}.Debug|Any CPU.Build.0 = Debug|Any CPU
		{9168EDA5-D667-4038-B831-3C06FDEE6F7A}.Release|Any CPU.ActiveCfg = Release|Any CPU
		{9168EDA5-D667-4038-B831-3C06FDEE6F7A}.Release|Any CPU.Build.0 = Release|Any CPU
	EndGlobalSection
	GlobalSection(SolutionProperties) = preSolution
		HideSolutionNode = FALSE
	EndGlobalSection
	GlobalSection(ExtensibilityGlobals) = postSolution
		SolutionGuid = {399873C7-6770-4A23-9540-B0B8926540C5}
	EndGlobalSection
EndGlobal
